{
  "name": "nuvora-store",
  "version": "0.1.0",
  "lockfileVersion": 3,
  "requires": true,
  "packages": {
    "": {
      "name": "nuvora-store",
      "version": "0.1.0",
      "dependencies": {
        "@supabase/supabase-js": "^2.117.2",
        "react": "^18.3.1",
        "react-dom": "^18.3.1",
        "react-router-dom": "^6.26.2"
      },
      "devDependencies": {
        "@types/react": "^18.3.5",
        "@types/react-dom": "^18.3.0",
        "@vitejs/plugin-react": "^4.3.1",
        "vite": "^5.4.2"
      }
    },
    "node_modules/@babel/code-frame": {
      "version": "7.29.7",
      "resolved": "https://registry.npmjs.org/@babel/code-frame/-/code-frame-7.29.7.tgz",
      "integrity": "sha512-Aup7aUOfpbAUg2ROOJN6Iw5f9DMBlzu0mIkm/malLQFN/YQgO48wCj0Kxa3sEHJvPVFg7siR+qRInwXd2qhQKw==",
      "dev": true,
      "license": "MIT",
      "dependencies": {
        "@babel/helper-validator-identifier": "^7.29.7",
        "js-tokens": "^4.0.0",
        "picocolors": "^1.1.1"
      },
      "engines": {
        "node": ">=6.9.0"
      }
    },
    "node_modules/@babel/compat-data": {
      "version": "7.29.7",
      "resolved": "https://registry.npmjs.org/@babel/compat-data/-/compat-data-7.29.7.tgz",
      "integrity": "sha512-locTkQyKvwIEgBzVrn8693ebc97F2U8ZHjbXwDXJ5Fn2TCpNwTlKcaKLkdHop5c/icOFE7qt7Q9JC5hnKNa6Gg==",
      "dev": true,
      "license": "MIT",
      "engines": {
        "node": ">=6.9.0"
      }
    },
    "node_modules/@babel/core": {
      "version": "7.29.7",
      "resolved": "https://registry.npmjs.org/@babel/core/-/core-7.29.7.tgz",
      "integrity": "sha512-RgHBCvtjbOK2gXSNBNIkNoEc9qoVEtau3hj8gEqKQuL3HZAibKarWFEI3Lfm6EYKkLalOh8eSrj9b+ch9H/VBA==",
      "dev": true,
      "license": "MIT",
      "dependencies": {
        "@babel/code-frame": "^7.29.7",
        "@babel/generator": "^7.29.7",
        "@babel/helper-compilation-targets": "^7.29.7",
        "@babel/helper-module-transforms": "^7.29.7",
        "@babel/helpers": "^7.29.7",
        "@babel/parser": "^7.29.7",
        "@babel/template": "^7.29.7",
        "@babel/traverse": "^7.29.7",
        "@babel/types": "^7.29.7",
        "@jridgewell/remapping": "^2.3.5",
        "convert-source-map": "^2.0.0",
        "debug": "^4.1.0",
        "gensync": "^1.0.0-beta.2",
        "json5": "^2.2.3",
        "semver": "^6.3.1"
      },
      "engines": {
        "node": ">=6.9.0"
      },
      "funding": {
        "type": "opencollective",
        "url": "https://opencollective.com/babel"
      }
    },
    "node_modules/@babel/generator": {
      "version": "7.29.8",
      "resolved": "https://registry.npmjs.org/@babel/generator/-/generator-7.29.8.tgz",
      "integrity": "sha512-gZbepsdh3WDtgZKWL+vTPh71LSBrm/Y4/QDZBVCcYfmeTEEuoOYwlSy+G1StfJg+/Zy550u/3TATbm7qDbbMtg==",
      "dev": true,
      "license": "MIT",
      "dependencies": {
        "@babel/parser": "^7.29.8",
        "@babel/types": "^7.29.8",
        "@jridgewell/gen-mapping": "^0.3.12",
        "@jridgewell/trace-mapping": "^0.3.28",
        "jsesc": "^3.0.2"
      },
      "engines": {
        "node": ">=6.9.0"
      }
    },
    "node_modules/@babel/helper-compilation-targets": {
      "version": "7.29.7",
      "resolved": "https://registry.npmjs.org/@babel/helper-compilation-targets/-/helper-compilation-targets-7.29.7.tgz",
      "integrity": "sha512-wem6WaBj4NaVYVdNhLPPVacES6ZJ+KBBfSkTMD3YZxbP3rm3Di85tJU5ljaUNhaOynt+Aj0xruhYuzQBt8n71g==",
      "dev": true,
      "license": "MIT",
      "dependencies": {
        "@babel/compat-data": "^7.29.7",
        "@babel/helper-validator-option": "^7.29.7",
        "browserslist": "^4.24.0",
        "lru-cache": "^5.1.1",
        "semver": "^6.3.1"
      },
      "engines": {
        "node": ">=6.9.0"
      }
    },
    "node_modules/@babel/helper-globals": {
      "version": "7.29.7",
      "resolved": "https://registry.npmjs.org/@babel/helper-globals/-/helper-globals-7.29.7.tgz",
      "integrity": "sha512-3nQVUAtvkKH9zahfWgw96Jc/uFOmjACE1kQz82E2lqWmHBgjzbNlsC22nuQTfahmWeQtTq5nQ/4Nnd2A1wj4zA==",
      "dev": true,
      "license": "MIT",
      "engines": {
        "node": ">=6.9.0"
      }
    },
    "node_modules/loose-envify": {
      "version": "1.4.0",
      "resolved": "https://registry.npmjs.org/loose-envify/-/loose-envify-1.4.0.tgz",
      "integrity": "sha512-lyuxPGr/Wfhrlem2CL/UcnUc1zcqKAImBtsPULVPVUkXf7u7NY/OntD9KlngbCUMlnsWjzUL9+LvwwFZKk/9EA==",
      "license": "MIT",
      "dependencies": {
        "js-tokens": "^3.0.0 || ^4.0.0"
      },
      "bin": {
        "loose-envify": "cli.js"
      }
    },
    "node_modules/react": {
      "version": "18.3.1",
      "resolved": "https://registry.npmjs.org/react/-/react-18.3.1.tgz",
      "integrity": "sha512-wS+hAgJShR0KhEvPJArfuPVN1+Hz1t0Y6n5jLrGQbkb4urgPE/0Rve+1kMB1v/oWgHgm4WIcV+i7F2pTVj+2iQ==",
      "license": "MIT",
      "dependencies": {
        "loose-envify": "^1.1.0"
      },
      "engines": {
        "node": ">=0.10.0"
      }
    },
    "node_modules/react-dom": {
      "version": "18.3.1",
      "resolved": "https://registry.npmjs.org/react-dom/-/react-dom-18.3.1.tgz",
      "integrity": "sha512-5m4nQKp+rZRb09LNH59GM4BxTh9251/ylbKIbpe7TpGxfJ+9kv6BLkLBXIjjspbgbnIBNqlI23tRnTWT0snUIw==",
      "license": "MIT",
      "dependencies": {
        "loose-envify": "^1.1.0",
        "scheduler": "^0.23.2"
      },
      "peerDependencies": {
        "react": "^18.3.1"
      }
    },
    "node_modules/scheduler": {
      "version": "0.23.2",
      "resolved": "https://registry.npmjs.org/scheduler/-/scheduler-0.23.2.tgz",
      "integrity": "sha512-UOShx2L4FBcVwFeqJCxeDCLe1pxifa7a23HZ+7IQO2kUJvsGvkQvwOHP7jWCAcRvW3V97BM5sUMcxwtf9qPDHA==",
      "license": "MIT",
      "dependencies": {
        "loose-envify": "^1.1.0"
      }
    },
    "node_modules/@remix-run/router": {
      "version": "1.23.4",
      "resolved": "https://registry.npmjs.org/@remix-run/router/-/router-1.23.4.tgz",
      "integrity": "sha512-q7j5geK7xs3UJSdm9/iytUNclBnLmYx1EnSeCFXHPeutdqgIMeFeHtUZgS3EhlKxdBEAu8OwtJCwmLrEzpSs7Q==",
      "license": "MIT",
      "engines": {
        "node": ">=14.0.0"
      }
    },
    "node_modules/react-router-dom": {
      "version": "6.26.2",
      "resolved": "https://registry.npmjs.org/react-router-dom/-/react-router-dom-6.26.2.tgz",
      "integrity": "sha512-qwVslYKfwz1M3V2x1tPc1y1Z4dwI5rE/nXhpUk0JmtPABzPRJHBYBl2NUkJEfq5fFTZ0E0gA4wm5nQKdxFiEtQ==",
      "license": "MIT",
      "dependencies": {
        "@remix-run/router": "1.23.4",
        "react": "^18.3.1",
        "react-dom": "^18.3.1"
      },
      "engines": {
        "node": ">=14.0.0"
      },
      "peerDependencies": {
        "react": "^18.3.1",
        "react-dom": "^18.3.1"
      }
    },
    "node_modules/vite": {
      "version": "5.4.2",
      "resolved": "https://registry.npmjs.org/vite/-/vite-5.4.2.tgz",
      "integrity": "sha512-dDhg24Ps9L9kqXbT56+VLAcsdag7/+r1z6V8gNKFe2jN5vErSVLvKT63hnA3dWiwk1W1oDPzVbLO3P4j5serA==",
      "dev": true,
      "license": "MIT",
      "dependencies": {
        "esbuild": "^0.21.3",
        "postcss": "^8.4.47",
        "rollup": "^4.13.0"
      },
      "bin": {
        "vite": "bin/vite.js"
      },
      "engines": {
        "node": "^18.0.0 || >=20.0.0"
      },
      "optionalDependencies": {
        "fsevents": "^2.3.3",
        "@rollup/rollup-linux-x64-gnu": "^4.13.0",
        "@rollup/rollup-linux-x64-musl": "^4.13.0",
        "@rollup/rollup-darwin-arm64": "^4.13.0",
        "@rollup/rollup-darwin-x64": "^4.13.0",
        "@rollup/rollup-win32-ia32": "^4.13.0",
        "@rollup/rollup-win32-x64": "^4.13.0"
      }
    },
    "node_modules/@vitejs/plugin-react": {
      "version": "4.3.1",
      "resolved": "https://registry.npmjs.org/@vitejs/plugin-react/-/plugin-react-4.3.1.tgz",
      "integrity": "sha512-m/V2syj5N2PjNCEaYMxdzT8meaIAomc+T8aiowbWPVNCsAZwYSuT0HMPnyMjXMbNxCw4V4KvACqrAIicao9c7Q==",
      "dev": true,
      "license": "MIT",
      "dependencies": {
        "@babel/core": "^7.24.0",
        "@babel/plugin-transform-react-jsx-self": "^7.24.0",
        "@babel/plugin-transform-react-jsx-source": "^7.24.0",
        "@babel/runtime": "^7.24.0",
        "react-refresh": "^0.14.0"
      },
      "engines": {
        "node": "^14.18.0 || >=16.0.0",
        "vite": "^4.2.0 || ^5.0.0"
      },
      "peerDependencies": {
        "react": "^16.8.0 || ^17.0.0 || ^18.0.0",
        "react-dom": "^16.8.0 || ^17.0.0 || ^18.0.0"
      }
    },
    "node_modules/@supabase/supabase-js": {
      "version": "2.117.2",
      "resolved": "https://registry.npmjs.org/@supabase/supabase-js/-/supabase-js-2.117.2.tgz",
      "integrity": "sha512-BzK5S4BdD1WXLbFvEIqM/1o5gIhRRKVsNh6kzJsrfPzPnkI5jvLvIE8HaUn5V3rJaV0pYKg6fqKKxOvPNS5K0w==",
      "license": "Apache-2.0",
      "dependencies": {
        "@supabase/auth-js": "^2.117.2",
        "@supabase/functions-js": "^2.4.1",
        "@supabase/gotrue-js": "^2.117.2",
        "@supabase/postgrest-js": "^1.16.0",
        "@supabase/realtime-js": "^2.11.0",
        "@supabase/storage-js": "^2.7.1"
      }
    },
    "node_modules/@types/react": {
      "version": "18.3.5",
      "resolved": "https://registry.npmjs.org/@types/react/-/react-18.3.5.tgz",
      "integrity": "sha512-WeqJWNyVT42z3gCtbSvDpL3ih7ZMbua/gP4ZXt/dMbGFCJZCv7gFMkn70rWl7w2+J2lo/P88ouVnWsXeEAqnA==",
      "dev": true,
      "license": "MIT",
      "dependencies": {
        "@types/react-dom": "*"
      }
    },
    "node_modules/@types/react-dom": {
      "version": "18.3.0",
      "resolved": "https://registry.npmjs.org/@types/react-dom/-/react-dom-18.3.0.tgz",
      "integrity": "sha512-EhwApuTmMBmXuFOikhQLAQHzN0aaTKXMEUaMfDtqUImNT2ayNfROUnfsKV7WId4710UH5yQohs7E6T1qkUvbdg==",
      "dev": true,
      "license": "MIT",
      "dependencies": {
        "@types/react": "*"
      }
    },
    "node_modules/esbuild": {
      "version": "0.21.5",
      "resolved": "https://registry.npmjs.org/esbuild/-/esbuild-0.21.5.tgz",
      "integrity": "sha512-mg3OLADL3cNfR3UUfx8bVernFCAJJFIKrVrtsAxHz0KawcylqIIZ+MC/DWTR5TEJjKUA5QUcjo4JUrl401PKQ==",
      "dev": true,
      "license": "MIT",
      "bin": {
        "esbuild": "bin/esbuild"
      },
      "engines": {
        "node": ">=12"
      },
      "optionalDependencies": {
        "@esbuild/aix-ppc64": "0.21.5",
        "@esbuild/android-arm": "0.21.5",
        "@esbuild/android-arm64": "0.21.5",
        "@esbuild/android-x64": "0.21.5",
        "@esbuild/darwin-arm64": "0.21.5",
        "@esbuild/darwin-x64": "0.21.5",
        "@esbuild/freebsd-arm64": "0.21.5",
        "@esbuild/freebsd-x64": "0.21.5",
        "@esbuild/linux-arm": "0.21.5",
        "@esbuild/linux-arm64": "0.21.5",
        "@esbuild/linux-ia32": "0.21.5",
        "@esbuild/linux-loong64": "0.21.5",
        "@esbuild/linux-mips64el": "0.21.5",
        "@esbuild/linux-ppc64": "0.21.5",
        "@esbuild/linux-riscv64": "0.21.5",
        "@esbuild/linux-s390x": "0.21.5",
        "@esbuild/linux-x64": "0.21.5",
        "@esbuild/netbsd-x64": "0.21.5",
        "@esbuild/openbsd-x64": "0.21.5",
        "@esbuild/sunos-x64": "0.21.5",
        "@esbuild/win32-arm64": "0.21.5",
        "@esbuild/win32-ia32": "0.21.5",
        "@esbuild/win32-x64": "0.21.5"
      }
    },
    "node_modules/rollup": {
      "version": "4.63.6",
      "resolved": "https://registry.npmjs.org/rollup/-/rollup-4.63.6.tgz",
      "integrity": "sha512-z+lMfKuJrCPT9qpICsGSfhqvuZp2sVHzx6sKtnIkdF0C2SxM/dMkL/B2cMW3UmPrXYXqR4C2qHKVJG+Y7Fv5Q==",
      "dev": true,
      "license": "MIT",
      "bin": {
        "rollup": "dist/bin/rollup"
      },
      "engines": {
        "node": ">=18.0.0",
        "npm": ">=8.0.0"
      },
      "optionalDependencies": {
        "@rollup/rollup-android-arm-eabi": "4.63.6",
        "@rollup/rollup-android-arm64": "4.63.6",
        "@rollup/rollup-darwin-arm64": "4.63.6",
        "@rollup/rollup-darwin-x64": "4.63.6",
        "@rollup/rollup-freebsd-arm64": "4.63.6",
        "@rollup/rollup-freebsd-x64": "4.63.6",
        "@rollup/rollup-linux-arm-gnueabihf": "4.63.6",
        "@rollup/rollup-linux-arm-musleabihf": "4.63.6",
        "@rollup/rollup-linux-arm64-gnu": "4.63.6",
        "@rollup/rollup-linux-arm64-musl": "4.63.6",
        "@rollup/rollup-linux-loong64-gnu": "4.63.6",
        "@rollup/rollup-linux-loong64-musl": "4.63.6",
        "@rollup/rollup-linux-ppc64-gnu": "4.63.6",
        "@rollup/rollup-linux-ppc64-musl": "4.63.6",
        "@rollup/rollup-linux-riscv64-gnu": "4.63.6",
        "@rollup/rollup-linux-riscv64-musl": "4.63.6",
        "@rollup/rollup-linux-s390x-gnu": "4.63.6",
        "@rollup/rollup-linux-x64-gnu": "4.63.6",
        "@rollup/rollup-linux-x64-musl": "4.63.6",
        "@rollup/rollup-win32-arm64": "4.63.6",
        "@rollup/rollup-win32-ia32": "4.63.6",
        "@rollup/rollup-win32-x64": "4.63.6"
      }
    },
    "node_modules/postcss": {
      "version": "8.5.28",
      "resolved": "https://registry.npmjs.org/postcss/-/postcss-8.5.28.tgz",
      "integrity": "sha512-RRuzqDtt5Y9h3quz5hWhK+TPnsmVs6WwSU6LkJMeY4HstUEDuYTG8UJSdawMRzmzAtV+KEoG8N3Qg2qLy5vM/A==",
      "dev": true,
      "license": "MIT",
      "dependencies": {
        "nanoid": "^3.3.18",
        "picocolors": "^1.1.1",
        "source-map-js": "^1.2.1"
      },
      "engines": {
        "node": "^10 || ^12 || >=14"
      }
    },
    "node_modules/js-tokens": {
      "version": "4.0.0",
      "resolved": "https://registry.npmjs.org/js-tokens/-/js-tokens-4.0.0.tgz",
      "integrity": "sha512-RdJUflcQPUKsuQY4KnUyFK/+q/kScoYQo2dAPQeVwkeI93GLIOlEH7j1uvErrNruWr6rej7P6MrvRv7jfsrwQ==",
      "license": "MIT"
    },
    "node_modules/picocolors": {
      "version": "1.1.1",
      "resolved": "https://registry.npmjs.org/picocolors/-/picocolors-1.1.1.tgz",
      "integrity": "sha512-xceH2snhtMC+0K0Gd853r7NFC/i1CmjPSnLLHwE6w1N2jUXEIcURUr9yPr9p3Y3C8M3eTb/HwKMkmWeS22qBFw==",
      "license": "ISC"
    },
    "node_modules/nanoid": {
      "version": "3.3.18",
      "resolved": "https://registry.npmjs.org/nanoid/-/nanoid-3.3.18.tgz",
      "integrity": "sha512-NtBCBA3+zH9f5atcP8yRnIGseLrwvO05E54+QAu8lWvAPeMGk6FhxICBl7GYPq3Aw5f2EeqKX1nQeHygLmKBg==",
      "dev": true,
      "license": "MIT",
      "bin": {
        "nanoid": "bin/nanoid.js"
      },
      "engines": {
        "node": "^10 || ^12 || ^13.7 || ^14 || >=15.0.1"
      }
    },
    "node_modules/source-map-js": {
      "version": "1.2.1",
      "resolved": "https://registry.npmjs.org/source-map-js/-/source-map-js-1.2.1.tgz",
      "integrity": "sha512-UXWMKhLOwVKb+XY9pFP5HwppxvB8wGQtLW+RkXE4NK7HoUJhl6p6Z0X9K81mLsGkMEL9S00i/D0TpfM2B12zhA==",
      "dev": true,
      "license": "BSD-3-Clause",
      "engines": {
        "node": ">=0.10.0"
      }
    }
  }
}
